
Microsoft Visual Studio Solution File, Format Version 12.00
Project("{FAE04EC0-301F-11D3-BF4B-00C04F79EFBC}") = "Api", "Api\Api.csproj", "{90D518DC-7DA3-4F2B-9FCA-6A9A44593FCA}"
EndProject
Project("{FAE04EC0-301F-11D3-BF4B-00C04F79EFBC}") = "Core", "Core\Core.csproj", "{5578756C-7541-4FBD-A877-98B114BAD8E6}"
EndProject
Project("{FAE04EC0-301F-11D3-BF4B-00C04F79EFBC}") = "Infrastructure", "Infrastructure\Infrastructure.csproj", "{D52B329A-ECE0-4CDD-98BE-1AA3AD4B66A6}"
EndProject
Project("{FAE04EC0-301F-11D3-BF4B-00C04F79EFBC}") = "Application", "Application\Application.csproj", "{CA842BDA-F028-4409-AF91-7DA92E797A72}"
EndProject
Project("{FAE04EC0-301F-11D3-BF4B-00C04F79EFBC}") = "Shared", "Shared\Shared.csproj", "{053220F1-D1E0-43AF-9BD1-DCBD616C0E67}"
EndProject
Global
	GlobalSection(SolutionConfigurationPlatforms) = preSolution
		Debug|Any CPU = Debug|Any CPU
		Release|Any CPU = Release|Any CPU
	EndGlobalSection
	GlobalSection(ProjectConfigurationPlatforms) = postSolution
		{90D518DC-7DA3-4F2B-9FCA-6A9A44593FCA}.Debug|Any CPU.ActiveCfg = Debug|Any CPU
		{90D518DC-7DA3-4F2B-9FCA-6A9A44593FCA}.Debug|Any CPU.Build.0 = Debug|Any CPU
		{90D518DC-7DA3-4F2B-9FCA-6A9A44593FCA}.Release|Any CPU.ActiveCfg = Release|Any CPU
		{90D518DC-7DA3-4F2B-9FCA-6A9A44593FCA}.Release|Any CPU.Build.0 = Release|Any CPU
		{5578756C-7541-4FBD-A877-98B114BAD8E6}.Debug|Any CPU.ActiveCfg = Debug|Any CPU
		{5578756C-7541-4FBD-A877-98B114BAD8E6}.Debug|Any CPU.Build.0 = Debug|Any CPU
		{5578756C-7541-4FBD-A877-98B114BAD8E6}.Release|Any CPU.ActiveCfg = Release|Any CPU
		{5578756C-7541-4FBD-A877-98B114BAD8E6}.Release|Any CPU.Build.0 = Release|Any CPU
		{D52B329A-ECE0-4CDD-98BE-1AA3AD4B66A6}.Debug|Any CPU.ActiveCfg = Debug|Any CPU
		{D52B329A-ECE0-4CDD-98BE-1AA3AD4B66A6}.Debug|Any CPU.Build.0 = Debug|Any CPU
		{D52B329A-ECE0-4CDD-98BE-1AA3AD4B66A6}.Release|Any CPU.ActiveCfg = Release|Any CPU
		{D52B329A-ECE0-4CDD-98BE-1AA3AD4B66A6}.Release|Any CPU.Build.0 = Release|Any CPU
		{CA842BDA-F028-4409-AF91-7DA92E797A72}.Debug|Any CPU.ActiveCfg = Debug|Any CPU
		{CA842BDA-F028-4409-AF91-7DA92E797A72}.Debug|Any CPU.Build.0 = Debug|Any CPU
		{CA842BDA-F028-4409-AF91-7DA92E797A72}.Release|Any CPU.ActiveCfg = Release|Any CPU
		{CA842BDA-F028-4409-AF91-7DA92E797A72}.Release|Any CPU.Build.0 = Release|Any CPU
		{053220F1-D1E0-43AF-9BD1-DCBD616C0E67}.Debug|Any CPU.ActiveCfg = Debug|Any CPU
		{053220F1-D1E0-43AF-9BD1-DCBD616C0E67}.Debug|Any CPU.Build.0 = Debug|Any CPU
		{053220F1-D1E0-43AF-9BD1-DCBD616C0E67}.Release|Any CPU.ActiveCfg = Release|Any CPU
		{053220F1-D1E0-43AF-9BD1-DCBD616C0E67}.Release|Any CPU.Build.0 = Release|Any CPU
	EndGlobalSection
EndGlobal
